
Microsoft Visual Studio Solution File, Format Version 12.00
Project("{FAE04EC0-301F-11D3-BF4B-00C04F79EFBC}") = "orbit-inventory-domain", "orbit-inventory-domain\orbit-inventory-domain.csproj", "{6EADA9D5-BCDA-486F-B82F-A25B8BF2DEF9}"
EndProject
Project("{FAE04EC0-301F-11D3-BF4B-00C04F79EFBC}") = "orbit-inventory-application", "orbit-inventory-application\orbit-inventory-application.csproj", "{9365FF83-D563-4700-ACD1-621EBCB76508}"
EndProject
Project("{FAE04EC0-301F-11D3-BF4B-00C04F79EFBC}") = "orbit-inventory-data", "orbit-inventory-data\orbit-inventory-data.csproj", "{36D2A69F-FA04-4293-A891-3863F8D88D79}"
EndProject
Project("{FAE04EC0-301F-11D3-BF4B-00C04F79EFBC}") = "orbit-inventory-web", "orbit-inventory-web\orbit-inventory-web.csproj", "{156E5951-FC30-4FC2-A2BE-E13CFF92D289}"
EndProject
Project("{FAE04EC0-301F-11D3-BF4B-00C04F79EFBC}") = "orbit-inventory-core", "orbit-inventory-core\orbit-inventory-core.csproj", "{817452F4-D857-479A-B1EF-8402C8B67104}"
EndProject
Global
	GlobalSection(SolutionConfigurationPlatforms) = preSolution
		Debug|Any CPU = Debug|Any CPU
		Release|Any CPU = Release|Any CPU
	EndGlobalSection
	GlobalSection(ProjectConfigurationPlatforms) = postSolution
		{6EADA9D5-BCDA-486F-B82F-A25B8BF2DEF9}.Debug|Any CPU.ActiveCfg = Debug|Any CPU
		{6EADA9D5-BCDA-486F-B82F-A25B8BF2DEF9}.Debug|Any CPU.Build.0 = Debug|Any CPU
		{6EADA9D5-BCDA-486F-B82F-A25B8BF2DEF9}.Release|Any CPU.ActiveCfg = Release|Any CPU
		{6EADA9D5-BCDA-486F-B82F-A25B8BF2DEF9}.Release|Any CPU.Build.0 = Release|Any CPU
		{9365FF83-D563-4700-ACD1-621EBCB76508}.Debug|Any CPU.ActiveCfg = Debug|Any CPU
		{9365FF83-D563-4700-ACD1-621EBCB76508}.Debug|Any CPU.Build.0 = Debug|Any CPU
		{9365FF83-D563-4700-ACD1-621EBCB76508}.Release|Any CPU.ActiveCfg = Release|Any CPU
		{9365FF83-D563-4700-ACD1-621EBCB76508}.Release|Any CPU.Build.0 = Release|Any CPU
		{36D2A69F-FA04-4293-A891-3863F8D88D79}.Debug|Any CPU.ActiveCfg = Debug|Any CPU
		{36D2A69F-FA04-4293-A891-3863F8D88D79}.Debug|Any CPU.Build.0 = Debug|Any CPU
		{36D2A69F-FA04-4293-A891-3863F8D88D79}.Release|Any CPU.ActiveCfg = Release|Any CPU
		{36D2A69F-FA04-4293-A891-3863F8D88D79}.Release|Any CPU.Build.0 = Release|Any CPU
		{156E5951-FC30-4FC2-A2BE-E13CFF92D289}.Debug|Any CPU.ActiveCfg = Debug|Any CPU
		{156E5951-FC30-4FC2-A2BE-E13CFF92D289}.Debug|Any CPU.Build.0 = Debug|Any CPU
		{156E5951-FC30-4FC2-A2BE-E13CFF92D289}.Release|Any CPU.ActiveCfg = Release|Any CPU
		{156E5951-FC30-4FC2-A2BE-E13CFF92D289}.Release|Any CPU.Build.0 = Release|Any CPU
		{817452F4-D857-479A-B1EF-8402C8B67104}.Debug|Any CPU.ActiveCfg = Debug|Any CPU
		{817452F4-D857-479A-B1EF-8402C8B67104}.Debug|Any CPU.Build.0 = Debug|Any CPU
		{817452F4-D857-479A-B1EF-8402C8B67104}.Release|Any CPU.ActiveCfg = Release|Any CPU
		{817452F4-D857-479A-B1EF-8402C8B67104}.Release|Any CPU.Build.0 = Release|Any CPU
	EndGlobalSection
EndGlobal
